
Microsoft Visual Studio Solution File, Format Version 12.00
# Visual Studio Version 16
VisualStudioVersion = 16.0.30225.117
MinimumVisualStudioVersion = 10.0.40219.1
Project("{9A19103F-16F7-4668-BE54-9A1E7A4F7556}") = "Jarloo.Sojurn", "Jarloo.Sojurn.csproj", "{BAAC5118-98AA-4F01-BFC4-B1A42C1308F3}"
EndProject
Global
	GlobalSection(SolutionConfigurationPlatforms) = preSolution
		Debug|Any CPU = Debug|Any CPU
		Release|Any CPU = Release|Any CPU
	EndGlobalSection
	GlobalSection(ProjectConfigurationPlatforms) = postSolution
		{BAAC5118-98AA-4F01-BFC4-B1A42C1308F3}.Debug|Any CPU.ActiveCfg = Debug|Any CPU
		{BAAC5118-98AA-4F01-BFC4-B1A42C1308F3}.Debug|Any CPU.Build.0 = Debug|Any CPU
		{BAAC5118-98AA-4F01-BFC4-B1A42C1308F3}.Release|Any CPU.ActiveCfg = Release|Any CPU
		{BAAC5118-98AA-4F01-BFC4-B1A42C1308F3}.Release|Any CPU.Build.0 = Release|Any CPU
	EndGlobalSection
	GlobalSection(SolutionProperties) = preSolution
		HideSolutionNode = FALSE
	EndGlobalSection
	GlobalSection(ExtensibilityGlobals) = postSolution
		SolutionGuid = {7CA00F48-4266-48A7-81B5-FC8AB3DDF7E9}
	EndGlobalSection
EndGlobal
